
Microsoft Visual Studio Solution File, Format Version 12.00
# Visual Studio Version 17
VisualStudioVersion = 17.11.35219.272
MinimumVisualStudioVersion = 10.0.40219.1
Project("{FAE04EC0-301F-11D3-BF4B-00C04F79EFBC}") = "GameStoreBackEndV1", "GameStoreBackEndV1\GameStoreBackEndV1.csproj", "{FA3E972E-EDE4-4CDF-B0D4-CC8A3042E096}"
EndProject
Global
	GlobalSection(SolutionConfigurationPlatforms) = preSolution
		Debug|Any CPU = Debug|Any CPU
		Release|Any CPU = Release|Any CPU
	EndGlobalSection
	GlobalSection(ProjectConfigurationPlatforms) = postSolution
		{FA3E972E-EDE4-4CDF-B0D4-CC8A3042E096}.Debug|Any CPU.ActiveCfg = Debug|Any CPU
		{FA3E972E-EDE4-4CDF-B0D4-CC8A3042E096}.Debug|Any CPU.Build.0 = Debug|Any CPU
		{FA3E972E-EDE4-4CDF-B0D4-CC8A3042E096}.Release|Any CPU.ActiveCfg = Release|Any CPU
		{FA3E972E-EDE4-4CDF-B0D4-CC8A3042E096}.Release|Any CPU.Build.0 = Release|Any CPU
	EndGlobalSection
	GlobalSection(SolutionProperties) = preSolution
		HideSolutionNode = FALSE
	EndGlobalSection
	GlobalSection(ExtensibilityGlobals) = postSolution
		SolutionGuid = {1D1ACD61-EE4C-4B4E-A897-9C4565C87654}
	EndGlobalSection
EndGlobal
